PODS:
  - Alamofire (4.7.3)
  - ReachabilitySwift (4.3.0)
  - SwiftyJSON (4.2.0)

DEPENDENCIES:
  - Alamofire (= 4.7.3)
  - ReachabilitySwift (= 4.3.0)
  - SwiftyJSON (= 4.2.0)

SPEC REPOS:
  https://github.com/cocoapods/specs.git:
    - Alamofire
    - ReachabilitySwift
    - SwiftyJSON

SPEC CHECKSUMS:
  Alamofire: c7287b6e5d7da964a70935e5db17046b7fde6568
  ReachabilitySwift: 408477d1b6ed9779dba301953171e017c31241f3
  SwiftyJSON: c4bcba26dd9ec7a027fc8eade48e2c911f229e96

PODFILE CHECKSUM: 31fac2e0778f93456a7e3689e08f40cbbe74d2f3

COCOAPODS: 1.5.3
